
Microsoft Visual Studio Solution File, Format Version 12.00
# Visual Studio 2012
Project("{FAE04EC0-301F-11D3-BF4B-00C04F79EFBC}") = "Client", "Client\Client.csproj", "{760013E1-01F7-442F-BEC8-1C55578581B9}"
EndProject
Project("{FAE04EC0-301F-11D3-BF4B-00C04F79EFBC}") = "wcfService", "wcfService\wcfService.csproj", "{0355F510-DCB3-4A84-BC95-37CB3A74FB24}"
EndProject
Project("{FAE04EC0-301F-11D3-BF4B-00C04F79EFBC}") = "Server", "Server\Server.csproj", "{641A2F6E-5AA3-41C8-B431-B8504A334931}"
EndProject
Global
	GlobalSection(SolutionConfigurationPlatforms) = preSolution
		Debug|Any CPU = Debug|Any CPU
		Release|Any CPU = Release|Any CPU
	EndGlobalSection
	GlobalSection(ProjectConfigurationPlatforms) = postSolution
		{760013E1-01F7-442F-BEC8-1C55578581B9}.Debug|Any CPU.ActiveCfg = Debug|Any CPU
		{760013E1-01F7-442F-BEC8-1C55578581B9}.Debug|Any CPU.Build.0 = Debug|Any CPU
		{760013E1-01F7-442F-BEC8-1C55578581B9}.Release|Any CPU.ActiveCfg = Release|Any CPU
		{760013E1-01F7-442F-BEC8-1C55578581B9}.Release|Any CPU.Build.0 = Release|Any CPU
		{0355F510-DCB3-4A84-BC95-37CB3A74FB24}.Debug|Any CPU.ActiveCfg = Debug|Any CPU
		{0355F510-DCB3-4A84-BC95-37CB3A74FB24}.Debug|Any CPU.Build.0 = Debug|Any CPU
		{0355F510-DCB3-4A84-BC95-37CB3A74FB24}.Release|Any CPU.ActiveCfg = Release|Any CPU
		{0355F510-DCB3-4A84-BC95-37CB3A74FB24}.Release|Any CPU.Build.0 = Release|Any CPU
		{641A2F6E-5AA3-41C8-B431-B8504A334931}.Debug|Any CPU.ActiveCfg = Debug|Any CPU
		{641A2F6E-5AA3-41C8-B431-B8504A334931}.Debug|Any CPU.Build.0 = Debug|Any CPU
		{641A2F6E-5AA3-41C8-B431-B8504A334931}.Release|Any CPU.ActiveCfg = Release|Any CPU
		{641A2F6E-5AA3-41C8-B431-B8504A334931}.Release|Any CPU.Build.0 = Release|Any CPU
	EndGlobalSection
	GlobalSection(SolutionProperties) = preSolution
		HideSolutionNode = FALSE
	EndGlobalSection
EndGlobal
